{
  "name": "amplify-ui-demo",
  "version": "0.1.0",
  "lockfileVersion": 3,
  "requires": true,
  "packages": {
    "": {
      "name": "amplify-ui-demo",
      "version": "0.1.0",
      "dependencies": {
        "@aws-amplify/ui-react": "^6.9.3",
        "@aws-amplify/ui-react-storage": "^3.3.0",
        "aws-amplify": "^6.13.5",
        "next": "15.2.3",
        "react": "^19.0.0",
        "react-dom": "^19.0.0"
      },
      "devDependencies": {
        "@tailwindcss/postcss": "^4",
        "@types/node": "^20",
        "@types/react": "^19",
        "@types/react-dom": "^19",
        "tailwindcss": "^4",
        "typescript": "^5"
      }
    },
    "node_modules/@aws-amplify/core": {
      "version": "6.13.5",
      "resolved": "https://registry.npmjs.org/@aws-amplify/core/-/core-6.13.5.tgz",
      "integrity": "sha512-mrZK7kGy3S+2Hz8XQ1kT3C7e+pkLp5ASAs9jdWBfpzHZ9WEd58vQ+StQUyBwG2piiNBxybs5J1k5kNOUtBeNfQ==",
      "license": "Apache-2.0"
    },
    "node_modules/@aws-amplify/storage": {
      "version": "6.6.8",
      "resolved": "https://registry.npmjs.org/@aws-amplify/storage/-/storage-6.6.8.tgz",
      "integrity": "sha512-oyMNYE4KGjldZlHQFkzvD9m2cBlwbGIrcoIKswcvoAt56C4PaTcGuMHJk4glutb2VdpUUKBCPHrRzHggfR8Z7A==",
      "license": "Apache-2.0"
    },
    "node_modules/@aws-amplify/ui": {
      "version": "3.3.0",
      "resolved": "https://registry.npmjs.org/@aws-amplify/ui/-/ui-3.3.0.tgz",
      "integrity": "sha512-PpBAEbPYdk9gqvn6cxH+6pXW09mUuvp0zwGzgXyUva5M+BZje6NgKyr9hLhAsUMa3Bgq70JSnpaVQy9JzhXTnQ==",
      "license": "Apache-2.0"
    },
    "node_modules/@aws-amplify/auth": {
      "version": "6.7.1",
      "resolved": "https://registry.npmjs.org/@aws-amplify/auth/-/auth-6.7.1.tgz",
      "integrity": "sha512-s+TOcN5KLGInPfAAQ09MgdM5f3W+oTXsdR8bS2svbUbCDS8fUTWUlFZLoN3YlDPU15bRnoDFLtYFYp9rKv6U3g==",
      "license": "Apache-2.0",
      "dependencies": {
        "@smithy/types": "4.18.3"
      }
    },
    "node_modules/@smithy/types": {
      "version": "4.18.3",
      "resolved": "https://registry.npmjs.org/@smithy/types/-/types-4.18.3.tgz",
      "integrity": "sha512-V9b/k3UkzHDF9Or0WHLITuJHLR5B26FylLf6ryA1ffimjZLgRxt1zZLxyqeqhOPtXXK54cK0ytRQ/FbLv6tTnA==",
      "license": "Apache-2.0"
    }
  }
}
