{
  "name": "storage-browser",
  "version": "0.1.0",
  "lockfileVersion": 3,
  "requires": true,
  "packages": {
    "": {
      "name": "storage-browser",
      "version": "0.1.0",
      "private": true,
      "dependencies": {
        "@aws-amplify/storage": "^6.6.8",
        "@aws-amplify/ui-react-storage": "^2.1.6",
        "aws-amplify": "5.3.27",
        "next": "14.2.14",
        "react": "^18.2.0",
        "react-dom": "^18.2.0"
      },
      "devDependencies": {
        "@aws-amplify/backend": "^1.3.1",
        "@aws-amplify/backend-cli": "^1.2.9",
        "@types/node": "^20.11.25",
        "@types/react": "^18.2.44",
        "@types/react-dom": "^18.2.17",
        "typescript": "^5.3.3"
      }
    }
  },
  "dependencies": {
    "@aws-amplify/storage": {
      "version": "6.6.8",
      "resolved": "https://registry.npmjs.org/@aws-amplify/storage/-/storage-6.6.8.tgz",
      "integrity": "sha512-bMaHs9Jd2sLEUQBGQJ4F1V8yLleH7yDJZF77NIMBseprKXW0tQbi08scxAtJby64cSAQmz0NnBhxhV0P2Q1x1w==",
      "requires": { "aws-amplify": ">=5.0.0" }
    },
    "@aws-amplify/ui-react-storage": {
      "version": "2.1.6",
      "resolved": "https://registry.npmjs.org/@aws-amplify/ui-react-storage/-/ui-react-storage-2.1.6.tgz",
      "integrity": "sha512-fEXY3AxS9vsmkeYNuDFD7K9XPmcLsDaV+gHvJ6Ww+4/kB6CNV+0gHKz3UBn6Ez3FukgdwqfEv57AjMEQ5MyGKw==",
      "requires": { "aws-amplify": ">=5.0.1" }
    },
    "aws-amplify": {
      "version": "5.3.27",
      "resolved": "https://registry.npmjs.org/aws-amplify/-/aws-amplify-5.3.27.tgz",
      "integrity": "sha512-cYY0wt7IX18EfwR8PjMFyUn4HF1X52trN8F9P7KvdFuJMdEp7Rx60XspR3SnfT5odqKpE1cW+kvvdO50ZmL56Q=="
    },
    "next": {
      "version": "14.2.14",
      "resolved": "https://registry.npmjs.org/next/-/next-14.2.14.tgz",
      "integrity": "sha512-wMi5uFNMdFsz97hxT9UWr/2W2knd5e6MOdFKHEP+KZmfAfqlKthEC/6K+aGk4RFNhOgOS+xuFgB2EicX0PiQfQ=="
    },
    "react": {
      "version": "18.2.0",
      "resolved": "https://registry.npmjs.org/react/-/react-18.2.0.tgz",
      "integrity": "sha512-6dH4gnyAsVw7QXDP91/2t8qL5MwI1+Rc3dz5IBfksD1hW3gaqk1s/zh1aNS0A9vQ62yc4s4ULehaz1kB7H6R3g=="
    },
    "react-dom": {
      "version": "18.2.0",
      "resolved": "https://registry.npmjs.org/react-dom/-/react-dom-18.2.0.tgz",
      "integrity": "sha512-yXiRn5JkSb6Ztu4I2mSuV0Mo+NDVr8M9NGlFk9+ZcIOV1YyC7BeFV11e6SWqkIf82hXyXlM9YX0vLrFx0rp3rA=="
    }
  }
}
